{
  "version": 1,
  "dependencies": {
    ".NETCoreApp,Version=v5.0": {
      "Microsoft.Extensions.Logging": {
        "type": "Direct",
        "requested": "[10.0.11, )",
        "resolved": "10.0.11",
        "contentHash": "nUOJwgFkSiLHiVGFpU22pIJtuWYewuSYQ3JVuP/gdK8ASMT807Px+TYQiRWs6uSsOmoyFTaVCwKXTasczV6BpA==",
        "dependencies": {
          "Microsoft.Extensions.DependencyInjection": "10.0.11",
          "Microsoft.Extensions.Logging.Abstractions": "10.0.11",
          "Microsoft.Extensions.Options": "10.0.11",
          "System.Diagnostics.DiagnosticSource": "10.0.11"
        }
      },
      "Newtonsoft.Json": {
        "type": "Direct",
        "requested": "[13.0.4, )",
        "resolved": "13.0.4",
        "contentHash": "pdgNNMai3zv51W5aq268sujXUyx7SNdE2bj1wZcWjAQrKMFZV260lbqYop1d2GM67JI1huLRwxo9ZqnfF/lC6A=="
      },
      "Microsoft.Extensions.DependencyInjection": {
        "type": "Transitive",
        "resolved": "10.0.11",
        "contentHash": "PSmotV19c7E3lKed++uYo1kSiXFI+uTl37CBSrhq+CfLC3FCHjG7R91+xPnNehQfHS1b0Tzo/CCLPWH3qaEheg==",
        "dependencies": {
          "Microsoft.Extensions.DependencyInjection.Abstractions": "10.0.11"
        }
      },
      "Microsoft.Extensions.DependencyInjection.Abstractions": {
        "type": "Transitive",
        "resolved": "10.0.11",
        "contentHash": "/a1aJz4m7ylhEDf25ugQChLQoN5XwoGjWw/BoR/ZWWKsO1v4DdJElS1uyngahz4B/eOzjFk1KNTkarRLE5wsIg=="
      },
      "Microsoft.Extensions.Logging.Abstractions": {
        "type": "Transitive",
        "resolved": "10.0.11",
        "contentHash": "Ljd0Uxoq5XpScD2Bg0nM/r3mwx7Ao5Uq24eo2ARxbGvqJ7Zht6rt2cJtwVRH4Cv+1ZVMdXz6TB43KbpmsxRrvQ==",
        "dependencies": {
          "Microsoft.Extensions.DependencyInjection.Abstractions": "10.0.11",
          "System.Buffers": "4.6.1",
          "System.Diagnostics.DiagnosticSource": "10.0.11",
          "System.Memory": "4.6.3"
        }
      },
      "Microsoft.Extensions.Options": {
        "type": "Transitive",
        "resolved": "10.0.11",
        "contentHash": "eY1GAKcTfD2maP27J84X9IovT3yjHJ2dVDzPmDg6/XqYvt3jMzJhtfQCLjG9pVsZGAd+8DQ2QrjaDcs2+VQLGw==",
        "dependencies": {
          "Microsoft.Extensions.DependencyInjection.Abstractions": "10.0.11",
          "Microsoft.Extensions.Primitives": "10.0.11",
          "System.ComponentModel.Annotations": "5.0.0"
        }
      },
      "Microsoft.Extensions.Primitives": {
        "type": "Transitive",
        "resolved": "10.0.11",
        "contentHash": "SXcz+kF+4Oo9b1+55zntpJFYfwb1jw66ioxptyNOOTDc8g2FHnBFWjZpsWfCvZIhzr0x+4e2trVTs4OKwQfBtw==",
        "dependencies": {
          "System.Memory": "4.6.3",
          "System.Runtime.CompilerServices.Unsafe": "6.1.2"
        }
      },
      "System.Buffers": {
        "type": "Transitive",
        "resolved": "4.6.1",
        "contentHash": "N8GXpmiLMtljq7gwvyS+1QvKT/W2J8sNAvx+HVg4NGmsG/H+2k/y9QI23auLJRterrzCiDH+IWAw4V/GPwsMlw=="
      },
      "System.ComponentModel.Annotations": {
        "type": "Transitive",
        "resolved": "5.0.0",
        "contentHash": "dMkqfy2el8A8/I76n2Hi1oBFEbG1SfxD2l5nhwXV3XjlnOmwxJlQbYpJH4W51odnU9sARCSAgv7S3CyAFMkpYg=="
      },
      "System.Diagnostics.DiagnosticSource": {
        "type": "Transitive",
        "resolved": "10.0.11",
        "contentHash": "QoXcAdDhBudxorzYF1F5Uo7FY0CSWgmTjqVRJjcQaYAkbO3dCPXDJajJwyApTGHCJ+T5PfVyKZqXEKZ8PH+UWQ==",
        "dependencies": {
          "System.Memory": "4.6.3",
          "System.Runtime.CompilerServices.Unsafe": "6.1.2"
        }
      },
      "System.Memory": {
        "type": "Transitive",
        "resolved": "4.6.3",
        "contentHash": "qdcDOgnFZY40+Q9876JUHnlHu7bosOHX8XISRoH94fwk6hgaeQGSgfZd8srWRZNt5bV9ZW2TljcegDNxsf+96A=="
      },
      "System.Runtime.CompilerServices.Unsafe": {
        "type": "Transitive",
        "resolved": "6.1.2",
        "contentHash": "2hBr6zdbIBTDE3EhK7NSVNdX58uTK6iHW/P/Axmm9sl1xoGSLqDvMtpecn226TNwHByFokYwJmt/aQQNlO5CRw=="
      }
    }
  }
}