{
  "version": 1,
  "dependencies": {
    ".NETCoreApp,Version=v5.0": {
      "Microsoft.Extensions.Logging": {
        "type": "Direct",
        "requested": "[3.0.0, )",
        "resolved": "3.0.0",
        "contentHash": "rxs1i2denq0Sv0XMvAeISK7AskV5x7aihvlIlepJKFfkbE6PgbeXfPOElD0kf3Wr2Roo57ASQa5xUL9LTHWChA==",
        "dependencies": {
          "Microsoft.Extensions.Configuration.Binder": "3.0.0",
          "Microsoft.Extensions.DependencyInjection": "3.0.0",
          "Microsoft.Extensions.Logging.Abstractions": "3.0.0",
          "Microsoft.Extensions.Options": "3.0.0"
        }
      },
      "Newtonsoft.Json": {
        "type": "Direct",
        "requested": "[13.0.1, )",
        "resolved": "13.0.1",
        "contentHash": "ppPFpBcvxdsfUonNcvITKqLl3bqxWbDCZIzDWHzjpdAHRFfZe0Dw9HmA0+za13IdyrgJwpkDTDA9fHaxOrt20A=="
      },
      "Microsoft.Extensions.Configuration": {
        "type": "Transitive",
        "resolved": "3.0.0",
        "contentHash": "KECbOpM0EySVbKTQDN9o0swdnZpwpdhuYngnnJGzXdcAc+JR1mv7iF4lOyK00KSH8OZjobO0TUeo3mn7J2rdrA==",
        "dependencies": {
          "Microsoft.Extensions.Configuration.Abstractions": "3.0.0"
        }
      },
      "Microsoft.Extensions.Configuration.Abstractions": {
        "type": "Transitive",
        "resolved": "3.0.0",
        "contentHash": "Lge/PbXC53jI1MF2J92X5EZOeKV8Q/rlB1aV3H9I/ZTDyQGOyBcL03IAvnviWpHKj43BDkNy6kU2KKoh8kAS0g==",
        "dependencies": {
          "Microsoft.Extensions.Primitives": "3.0.0"
        }
      },
      "Microsoft.Extensions.Configuration.Binder": {
        "type": "Transitive",
        "resolved": "3.0.0",
        "contentHash": "iw3UL25Cw9GBILJOs8srwcId2UCz5+BxTu//EN5dO2dOFNtHcNJgnUiqIlmcGi0orIco0pDuDXuIDvhkrY/sGQ==",
        "dependencies": {
          "Microsoft.Extensions.Configuration": "3.0.0"
        }
      },
      "Microsoft.Extensions.DependencyInjection": {
        "type": "Transitive",
        "resolved": "3.0.0",
        "contentHash": "yDsuNA/BT4j9qrcRs0NUNHQAJfywFWX18ZZ+shxXJL+/nIfz3vhuRTfnYgvFeQlNBlgmgdSjOcs4ajgoS6Q/Ng==",
        "dependencies": {
          "Microsoft.Extensions.DependencyInjection.Abstractions": "3.0.0"
        }
      },
      "Microsoft.Extensions.DependencyInjection.Abstractions": {
        "type": "Transitive",
        "resolved": "3.0.0",
        "contentHash": "ofQRroDlzJ0xKOtzNuaVt6QKNImFkhkG0lIMpGl7PtXnIf5SuLWBeiQZAP8DNSxDBJJdcsPkiJiMYK2WA5H8dQ=="
      },
      "Microsoft.Extensions.Logging.Abstractions": {
        "type": "Transitive",
        "resolved": "3.0.0",
        "contentHash": "+PsosTYZn+omucI0ff9eywo9QcPLwcbIWf7dz7ZLM1zGR8gVZXJ3wo6+tkuIedUNW5iWENlVJPEvrGjiVeoNNQ=="
      },
      "Microsoft.Extensions.Options": {
        "type": "Transitive",
        "resolved": "3.0.0",
        "contentHash": "aZuVhN/TC872Yb55nrb7an82sfSAdNYxIyzu3zbYHOnhwal5hdkBUxzuoYj1khI2sw0tWq6i82i624zEFmiJhg==",
        "dependencies": {
          "Microsoft.Extensions.DependencyInjection.Abstractions": "3.0.0",
          "Microsoft.Extensions.Primitives": "3.0.0"
        }
      },
      "Microsoft.Extensions.Primitives": {
        "type": "Transitive",
        "resolved": "3.0.0",
        "contentHash": "6gwewTbmOh+ZVBicVkL1XRp79sx4O7BVY6Yy+7OYZdwn3pyOKe9lOam+3gXJ3TZMjhJZdV0Ub8hxHt2vkrmN5Q=="
      }
    }
  }
}